Microsoft Visual Studio Solution File, Format Version 11.00
# Visual Studio 2008

Project("{46C988D1-AB72-AD81-339C-C6D46DAB551B}") = "35_Unity_SideScroller3D", "Assembly-CSharp.csproj", "{979314AC-FEF1-7AFD-8E71-D34B8E1D746B}"
EndProject
Global
	GlobalSection(SolutionConfigurationPlatforms) = preSolution
		Debug|Any CPU = Debug|Any CPU
		Release|Any CPU = Release|Any CPU
	EndGlobalSection
	GlobalSection(ProjectConfigurationPlatforms) = postSolution
		{979314AC-FEF1-7AFD-8E71-D34B8E1D746B}.Debug|Any CPU.ActiveCfg = Debug|Any CPU
		{979314AC-FEF1-7AFD-8E71-D34B8E1D746B}.Debug|Any CPU.Build.0 = Debug|Any CPU
		{979314AC-FEF1-7AFD-8E71-D34B8E1D746B}.Release|Any CPU.ActiveCfg = Release|Any CPU
		{979314AC-FEF1-7AFD-8E71-D34B8E1D746B}.Release|Any CPU.Build.0 = Release|Any CPU
	EndGlobalSection
	GlobalSection(SolutionProperties) = preSolution
		HideSolutionNode = FALSE
	EndGlobalSection
	GlobalSection(MonoDevelopProperties) = preSolution
		StartupItem = Assembly-CSharp.csproj
	EndGlobalSection
EndGlobal
